
Microsoft Visual Studio Solution File, Format Version 12.00
# Visual Studio Version 18
VisualStudioVersion = 18.3.11505.172
MinimumVisualStudioVersion = 10.0.40219.1
Project("{FAE04EC0-301F-11D3-BF4B-00C04F79EFBC}") = "SharpFastboot", "SharpFastboot\SharpFastboot.csproj", "{C6B0C7BA-30AE-49F8-84D6-4100B268EF26}"
EndProject
Project("{FAE04EC0-301F-11D3-BF4B-00C04F79EFBC}") = "Demo", "Demo\Demo.csproj", "{02ADEB68-02C8-44C2-9EBB-51F739F4C980}"
EndProject
Project("{FAE04EC0-301F-11D3-BF4B-00C04F79EFBC}") = "LibLpSharp", "LibLpSharp\LibLpSharp.csproj", "{F67150FB-C6B0-693A-7A83-73A4CB53304C}"
EndProject
Project("{FAE04EC0-301F-11D3-BF4B-00C04F79EFBC}") = "LibSparseSharp", "LibSparseSharp\LibSparseSharp.csproj", "{3DD9C6AB-80BE-8135-2877-C4DC0DC58E62}"
EndProject
Project("{FAE04EC0-301F-11D3-BF4B-00C04F79EFBC}") = "FastbootCLI", "FastbootCLI\FastbootCLI.csproj", "{86FA2774-813E-4815-930C-8496F69972ED}"
EndProject
Project("{FAE04EC0-301F-11D3-BF4B-00C04F79EFBC}") = "SharpFastboot.Tests", "SharpFastboot.Tests\SharpFastboot.Tests.csproj", "{17A9D76E-B259-4530-BFFD-6AFBA66CE63D}"
EndProject
Global
	GlobalSection(SolutionConfigurationPlatforms) = preSolution
		Debug|Any CPU = Debug|Any CPU
		Debug|x64 = Debug|x64
		Debug|x86 = Debug|x86
		Release|Any CPU = Release|Any CPU
		Release|x64 = Release|x64
		Release|x86 = Release|x86
	EndGlobalSection
	GlobalSection(ProjectConfigurationPlatforms) = postSolution
		{C6B0C7BA-30AE-49F8-84D6-4100B268EF26}.Debug|Any CPU.ActiveCfg = Debug|Any CPU
		{C6B0C7BA-30AE-49F8-84D6-4100B268EF26}.Debug|Any CPU.Build.0 = Debug|Any CPU
		{C6B0C7BA-30AE-49F8-84D6-4100B268EF26}.Debug|x64.ActiveCfg = Debug|Any CPU
		{C6B0C7BA-30AE-49F8-84D6-4100B268EF26}.Debug|x64.Build.0 = Debug|Any CPU
		{C6B0C7BA-30AE-49F8-84D6-4100B268EF26}.Debug|x86.ActiveCfg = Debug|Any CPU
		{C6B0C7BA-30AE-49F8-84D6-4100B268EF26}.Debug|x86.Build.0 = Debug|Any CPU
		{C6B0C7BA-30AE-49F8-84D6-4100B268EF26}.Release|Any CPU.ActiveCfg = Release|Any CPU
		{C6B0C7BA-30AE-49F8-84D6-4100B268EF26}.Release|Any CPU.Build.0 = Release|Any CPU
		{C6B0C7BA-30AE-49F8-84D6-4100B268EF26}.Release|x64.ActiveCfg = Release|Any CPU
		{C6B0C7BA-30AE-49F8-84D6-4100B268EF26}.Release|x64.Build.0 = Release|Any CPU
		{C6B0C7BA-30AE-49F8-84D6-4100B268EF26}.Release|x86.ActiveCfg = Release|Any CPU
		{C6B0C7BA-30AE-49F8-84D6-4100B268EF26}.Release|x86.Build.0 = Release|Any CPU
		{02ADEB68-02C8-44C2-9EBB-51F739F4C980}.Debug|Any CPU.ActiveCfg = Debug|Any CPU
		{02ADEB68-02C8-44C2-9EBB-51F739F4C980}.Debug|Any CPU.Build.0 = Debug|Any CPU
		{02ADEB68-02C8-44C2-9EBB-51F739F4C980}.Debug|x64.ActiveCfg = Debug|Any CPU
		{02ADEB68-02C8-44C2-9EBB-51F739F4C980}.Debug|x64.Build.0 = Debug|Any CPU
		{02ADEB68-02C8-44C2-9EBB-51F739F4C980}.Debug|x86.ActiveCfg = Debug|Any CPU
		{02ADEB68-02C8-44C2-9EBB-51F739F4C980}.Debug|x86.Build.0 = Debug|Any CPU
		{02ADEB68-02C8-44C2-9EBB-51F739F4C980}.Release|Any CPU.ActiveCfg = Release|Any CPU
		{02ADEB68-02C8-44C2-9EBB-51F739F4C980}.Release|Any CPU.Build.0 = Release|Any CPU
		{02ADEB68-02C8-44C2-9EBB-51F739F4C980}.Release|x64.ActiveCfg = Release|Any CPU
		{02ADEB68-02C8-44C2-9EBB-51F739F4C980}.Release|x64.Build.0 = Release|Any CPU
		{02ADEB68-02C8-44C2-9EBB-51F739F4C980}.Release|x86.ActiveCfg = Release|Any CPU
		{02ADEB68-02C8-44C2-9EBB-51F739F4C980}.Release|x86.Build.0 = Release|Any CPU
		{F67150FB-C6B0-693A-7A83-73A4CB53304C}.Debug|Any CPU.ActiveCfg = Debug|Any CPU
		{F67150FB-C6B0-693A-7A83-73A4CB53304C}.Debug|Any CPU.Build.0 = Debug|Any CPU
		{F67150FB-C6B0-693A-7A83-73A4CB53304C}.Debug|x64.ActiveCfg = Debug|Any CPU
		{F67150FB-C6B0-693A-7A83-73A4CB53304C}.Debug|x64.Build.0 = Debug|Any CPU
		{F67150FB-C6B0-693A-7A83-73A4CB53304C}.Debug|x86.ActiveCfg = Debug|Any CPU
		{F67150FB-C6B0-693A-7A83-73A4CB53304C}.Debug|x86.Build.0 = Debug|Any CPU
		{F67150FB-C6B0-693A-7A83-73A4CB53304C}.Release|Any CPU.ActiveCfg = Release|Any CPU
		{F67150FB-C6B0-693A-7A83-73A4CB53304C}.Release|Any CPU.Build.0 = Release|Any CPU
		{F67150FB-C6B0-693A-7A83-73A4CB53304C}.Release|x64.ActiveCfg = Release|Any CPU
		{F67150FB-C6B0-693A-7A83-73A4CB53304C}.Release|x64.Build.0 = Release|Any CPU
		{F67150FB-C6B0-693A-7A83-73A4CB53304C}.Release|x86.ActiveCfg = Release|Any CPU
		{F67150FB-C6B0-693A-7A83-73A4CB53304C}.Release|x86.Build.0 = Release|Any CPU
		{3DD9C6AB-80BE-8135-2877-C4DC0DC58E62}.Debug|Any CPU.ActiveCfg = Debug|Any CPU
		{3DD9C6AB-80BE-8135-2877-C4DC0DC58E62}.Debug|Any CPU.Build.0 = Debug|Any CPU
		{3DD9C6AB-80BE-8135-2877-C4DC0DC58E62}.Debug|x64.ActiveCfg = Debug|Any CPU
		{3DD9C6AB-80BE-8135-2877-C4DC0DC58E62}.Debug|x64.Build.0 = Debug|Any CPU
		{3DD9C6AB-80BE-8135-2877-C4DC0DC58E62}.Debug|x86.ActiveCfg = Debug|Any CPU
		{3DD9C6AB-80BE-8135-2877-C4DC0DC58E62}.Debug|x86.Build.0 = Debug|Any CPU
		{3DD9C6AB-80BE-8135-2877-C4DC0DC58E62}.Release|Any CPU.ActiveCfg = Release|Any CPU
		{3DD9C6AB-80BE-8135-2877-C4DC0DC58E62}.Release|Any CPU.Build.0 = Release|Any CPU
		{3DD9C6AB-80BE-8135-2877-C4DC0DC58E62}.Release|x64.ActiveCfg = Release|Any CPU
		{3DD9C6AB-80BE-8135-2877-C4DC0DC58E62}.Release|x64.Build.0 = Release|Any CPU
		{3DD9C6AB-80BE-8135-2877-C4DC0DC58E62}.Release|x86.ActiveCfg = Release|Any CPU
		{3DD9C6AB-80BE-8135-2877-C4DC0DC58E62}.Release|x86.Build.0 = Release|Any CPU
		{86FA2774-813E-4815-930C-8496F69972ED}.Debug|Any CPU.ActiveCfg = Debug|Any CPU
		{86FA2774-813E-4815-930C-8496F69972ED}.Debug|Any CPU.Build.0 = Debug|Any CPU
		{86FA2774-813E-4815-930C-8496F69972ED}.Debug|x64.ActiveCfg = Debug|Any CPU
		{86FA2774-813E-4815-930C-8496F69972ED}.Debug|x64.Build.0 = Debug|Any CPU
		{86FA2774-813E-4815-930C-8496F69972ED}.Debug|x86.ActiveCfg = Debug|Any CPU
		{86FA2774-813E-4815-930C-8496F69972ED}.Debug|x86.Build.0 = Debug|Any CPU
		{86FA2774-813E-4815-930C-8496F69972ED}.Release|Any CPU.ActiveCfg = Release|Any CPU
		{86FA2774-813E-4815-930C-8496F69972ED}.Release|Any CPU.Build.0 = Release|Any CPU
		{86FA2774-813E-4815-930C-8496F69972ED}.Release|x64.ActiveCfg = Release|Any CPU
		{86FA2774-813E-4815-930C-8496F69972ED}.Release|x64.Build.0 = Release|Any CPU
		{86FA2774-813E-4815-930C-8496F69972ED}.Release|x86.ActiveCfg = Release|Any CPU
		{86FA2774-813E-4815-930C-8496F69972ED}.Release|x86.Build.0 = Release|Any CPU
		{17A9D76E-B259-4530-BFFD-6AFBA66CE63D}.Debug|Any CPU.ActiveCfg = Debug|Any CPU
		{17A9D76E-B259-4530-BFFD-6AFBA66CE63D}.Debug|Any CPU.Build.0 = Debug|Any CPU
		{17A9D76E-B259-4530-BFFD-6AFBA66CE63D}.Debug|x64.ActiveCfg = Debug|Any CPU
		{17A9D76E-B259-4530-BFFD-6AFBA66CE63D}.Debug|x64.Build.0 = Debug|Any CPU
		{17A9D76E-B259-4530-BFFD-6AFBA66CE63D}.Debug|x86.ActiveCfg = Debug|Any CPU
		{17A9D76E-B259-4530-BFFD-6AFBA66CE63D}.Debug|x86.Build.0 = Debug|Any CPU
		{17A9D76E-B259-4530-BFFD-6AFBA66CE63D}.Release|Any CPU.ActiveCfg = Release|Any CPU
		{17A9D76E-B259-4530-BFFD-6AFBA66CE63D}.Release|Any CPU.Build.0 = Release|Any CPU
		{17A9D76E-B259-4530-BFFD-6AFBA66CE63D}.Release|x64.ActiveCfg = Release|Any CPU
		{17A9D76E-B259-4530-BFFD-6AFBA66CE63D}.Release|x64.Build.0 = Release|Any CPU
		{17A9D76E-B259-4530-BFFD-6AFBA66CE63D}.Release|x86.ActiveCfg = Release|Any CPU
		{17A9D76E-B259-4530-BFFD-6AFBA66CE63D}.Release|x86.Build.0 = Release|Any CPU
	EndGlobalSection
	GlobalSection(SolutionProperties) = preSolution
		HideSolutionNode = FALSE
	EndGlobalSection
	GlobalSection(ExtensibilityGlobals) = postSolution
		SolutionGuid = {DFA9465D-A7F7-451E-B91D-DD3E4CA16FC7}
	EndGlobalSection
EndGlobal
